
Microsoft Visual Studio Solution File, Format Version 12.00
# Visual Studio Version 17
VisualStudioVersion = 17.2.32630.192
MinimumVisualStudioVersion = 10.0.40219.1
Project("{FAE04EC0-301F-11D3-BF4B-00C04F79EFBC}") = "dwn.Application", "DWN\dwn.Application.csproj", "{B8E31E31-2AE0-4446-B240-8A9AB6066696}"
EndProject
Project("{2150E333-8FDC-42A3-9474-1A3956D46DE8}") = "Service", "Service", "{B490E2B6-2E1D-4F77-A325-6BD9BE8AE165}"
EndProject
Project("{2150E333-8FDC-42A3-9474-1A3956D46DE8}") = "Application", "Application", "{A6F197BF-0467-4E31-9BC4-747DB5ED85B2}"
EndProject
Project("{2150E333-8FDC-42A3-9474-1A3956D46DE8}") = "Domain", "Domain", "{089DE9A9-84C1-48F8-A85F-468337DCDE82}"
EndProject
Project("{FAE04EC0-301F-11D3-BF4B-00C04F79EFBC}") = "dwn.Domain", "dwn.Domain\dwn.Domain.csproj", "{E38571A4-5338-4AF4-9974-2743CB71BFE9}"
EndProject
Project("{FAE04EC0-301F-11D3-BF4B-00C04F79EFBC}") = "dwn.Service", "dwn.Service\dwn.Service.csproj", "{EE1EF464-A282-4DEB-8FA3-AEA26592EF6A}"
EndProject
Global
	GlobalSection(SolutionConfigurationPlatforms) = preSolution
		Debug|Any CPU = Debug|Any CPU
		Release|Any CPU = Release|Any CPU
	EndGlobalSection
	GlobalSection(ProjectConfigurationPlatforms) = postSolution
		{B8E31E31-2AE0-4446-B240-8A9AB6066696}.Debug|Any CPU.ActiveCfg = Debug|Any CPU
		{B8E31E31-2AE0-4446-B240-8A9AB6066696}.Debug|Any CPU.Build.0 = Debug|Any CPU
		{B8E31E31-2AE0-4446-B240-8A9AB6066696}.Release|Any CPU.ActiveCfg = Release|Any CPU
		{B8E31E31-2AE0-4446-B240-8A9AB6066696}.Release|Any CPU.Build.0 = Release|Any CPU
		{E38571A4-5338-4AF4-9974-2743CB71BFE9}.Debug|Any CPU.ActiveCfg = Debug|Any CPU
		{E38571A4-5338-4AF4-9974-2743CB71BFE9}.Debug|Any CPU.Build.0 = Debug|Any CPU
		{E38571A4-5338-4AF4-9974-2743CB71BFE9}.Release|Any CPU.ActiveCfg = Release|Any CPU
		{E38571A4-5338-4AF4-9974-2743CB71BFE9}.Release|Any CPU.Build.0 = Release|Any CPU
		{EE1EF464-A282-4DEB-8FA3-AEA26592EF6A}.Debug|Any CPU.ActiveCfg = Debug|Any CPU
		{EE1EF464-A282-4DEB-8FA3-AEA26592EF6A}.Debug|Any CPU.Build.0 = Debug|Any CPU
		{EE1EF464-A282-4DEB-8FA3-AEA26592EF6A}.Release|Any CPU.ActiveCfg = Release|Any CPU
		{EE1EF464-A282-4DEB-8FA3-AEA26592EF6A}.Release|Any CPU.Build.0 = Release|Any CPU
	EndGlobalSection
	GlobalSection(SolutionProperties) = preSolution
		HideSolutionNode = FALSE
	EndGlobalSection
	GlobalSection(NestedProjects) = preSolution
		{B8E31E31-2AE0-4446-B240-8A9AB6066696} = {A6F197BF-0467-4E31-9BC4-747DB5ED85B2}
		{E38571A4-5338-4AF4-9974-2743CB71BFE9} = {089DE9A9-84C1-48F8-A85F-468337DCDE82}
		{EE1EF464-A282-4DEB-8FA3-AEA26592EF6A} = {B490E2B6-2E1D-4F77-A325-6BD9BE8AE165}
	EndGlobalSection
	GlobalSection(ExtensibilityGlobals) = postSolution
		SolutionGuid = {F3175DA6-309F-4C4C-B3C9-60DDAFD311B4}
	EndGlobalSection
EndGlobal
